
Microsoft Visual Studio Solution File, Format Version 12.00
# Visual Studio 15
VisualStudioVersion = 15.0.27520.0
MinimumVisualStudioVersion = 10.0.40219.1
Project("{9A19103F-16F7-4668-BE54-9A1E7A4F7556}") = "BlazorPlayground.Server", "BlazorPlayground\BlazorPlayground.Server\BlazorPlayground.Server.csproj", "{1B6311F0-FF2A-49FE-A28B-CF1FCFDDF513}"
EndProject
Project("{9A19103F-16F7-4668-BE54-9A1E7A4F7556}") = "BlazorPlayground.Client", "BlazorPlayground\BlazorPlayground.Client\BlazorPlayground.Client.csproj", "{E0089DCA-0AF3-4A8E-9C53-5461F0CFC5DA}"
EndProject
Project("{9A19103F-16F7-4668-BE54-9A1E7A4F7556}") = "BlazorPlayground.Shared", "BlazorPlayground\BlazorPlayground.Shared\BlazorPlayground.Shared.csproj", "{BEB49FA0-0C8D-4229-9DB3-57ED847EE54B}"
EndProject
Global
	GlobalSection(SolutionConfigurationPlatforms) = preSolution
		Debug|Any CPU = Debug|Any CPU
		Release|Any CPU = Release|Any CPU
	EndGlobalSection
	GlobalSection(ProjectConfigurationPlatforms) = postSolution
		{1B6311F0-FF2A-49FE-A28B-CF1FCFDDF513}.Debug|Any CPU.ActiveCfg = Debug|Any CPU
		{1B6311F0-FF2A-49FE-A28B-CF1FCFDDF513}.Debug|Any CPU.Build.0 = Debug|Any CPU
		{1B6311F0-FF2A-49FE-A28B-CF1FCFDDF513}.Release|Any CPU.ActiveCfg = Release|Any CPU
		{1B6311F0-FF2A-49FE-A28B-CF1FCFDDF513}.Release|Any CPU.Build.0 = Release|Any CPU
		{E0089DCA-0AF3-4A8E-9C53-5461F0CFC5DA}.Debug|Any CPU.ActiveCfg = Debug|Any CPU
		{E0089DCA-0AF3-4A8E-9C53-5461F0CFC5DA}.Debug|Any CPU.Build.0 = Debug|Any CPU
		{E0089DCA-0AF3-4A8E-9C53-5461F0CFC5DA}.Release|Any CPU.ActiveCfg = Release|Any CPU
		{E0089DCA-0AF3-4A8E-9C53-5461F0CFC5DA}.Release|Any CPU.Build.0 = Release|Any CPU
		{BEB49FA0-0C8D-4229-9DB3-57ED847EE54B}.Debug|Any CPU.ActiveCfg = Debug|Any CPU
		{BEB49FA0-0C8D-4229-9DB3-57ED847EE54B}.Debug|Any CPU.Build.0 = Debug|Any CPU
		{BEB49FA0-0C8D-4229-9DB3-57ED847EE54B}.Release|Any CPU.ActiveCfg = Release|Any CPU
		{BEB49FA0-0C8D-4229-9DB3-57ED847EE54B}.Release|Any CPU.Build.0 = Release|Any CPU
	EndGlobalSection
	GlobalSection(SolutionProperties) = preSolution
		HideSolutionNode = FALSE
	EndGlobalSection
	GlobalSection(ExtensibilityGlobals) = postSolution
		SolutionGuid = {CC9BE565-FC20-48EC-8F29-6D16725B3AF5}
	EndGlobalSection
EndGlobal
